
Microsoft Visual Studio Solution File, Format Version 12.00
# Visual Studio Version 16
VisualStudioVersion = 16.0.28803.352
MinimumVisualStudioVersion = 10.0.40219.1
Project("{FAE04EC0-301F-11D3-BF4B-00C04F79EFBC}") = "TFU002", "TFU002\TFU002.csproj", "{C91CA529-286F-47BB-AA0D-093CDE6C52FB}"
EndProject
Global
	GlobalSection(SolutionConfigurationPlatforms) = preSolution
		Debug|Any CPU = Debug|Any CPU
		Release|Any CPU = Release|Any CPU
	EndGlobalSection
	GlobalSection(ProjectConfigurationPlatforms) = postSolution
		{C91CA529-286F-47BB-AA0D-093CDE6C52FB}.Debug|Any CPU.ActiveCfg = Debug|Any CPU
		{C91CA529-286F-47BB-AA0D-093CDE6C52FB}.Debug|Any CPU.Build.0 = Debug|Any CPU
		{C91CA529-286F-47BB-AA0D-093CDE6C52FB}.Release|Any CPU.ActiveCfg = Release|Any CPU
		{C91CA529-286F-47BB-AA0D-093CDE6C52FB}.Release|Any CPU.Build.0 = Release|Any CPU
	EndGlobalSection
	GlobalSection(SolutionProperties) = preSolution
		HideSolutionNode = FALSE
	EndGlobalSection
	GlobalSection(ExtensibilityGlobals) = postSolution
		SolutionGuid = {79462C80-BDCE-4763-B9BB-5026BE3DEDF3}
	EndGlobalSection
EndGlobal
